Microsoft Visual Studio Solution File, Format Version 10.00
# Visual Studio 2008

Project("{9F94CB54-45D7-25CF-7196-179047373458}") = "MeshCreator", "Assembly-CSharp-vs.csproj", "{140F5380-801F-8BCE-A5F3-D86A89149F62}"
EndProject
Project("{9F94CB54-45D7-25CF-7196-179047373458}") = "MeshCreator", "Assembly-CSharp-Editor-vs.csproj", "{2EFD1644-4EAC-B998-8975-76F68AF8BAAE}"
EndProject
Global
	GlobalSection(SolutionConfigurationPlatforms) = preSolution
		Debug|Any CPU = Debug|Any CPU
		Release|Any CPU = Release|Any CPU
	EndGlobalSection
	GlobalSection(ProjectConfigurationPlatforms) = postSolution
		{140F5380-801F-8BCE-A5F3-D86A89149F62}.Debug|Any CPU.ActiveCfg = Debug|Any CPU
		{140F5380-801F-8BCE-A5F3-D86A89149F62}.Debug|Any CPU.Build.0 = Debug|Any CPU
		{140F5380-801F-8BCE-A5F3-D86A89149F62}.Release|Any CPU.ActiveCfg = Release|Any CPU
		{140F5380-801F-8BCE-A5F3-D86A89149F62}.Release|Any CPU.Build.0 = Release|Any CPU
		{2EFD1644-4EAC-B998-8975-76F68AF8BAAE}.Debug|Any CPU.ActiveCfg = Debug|Any CPU
		{2EFD1644-4EAC-B998-8975-76F68AF8BAAE}.Debug|Any CPU.Build.0 = Debug|Any CPU
		{2EFD1644-4EAC-B998-8975-76F68AF8BAAE}.Release|Any CPU.ActiveCfg = Release|Any CPU
		{2EFD1644-4EAC-B998-8975-76F68AF8BAAE}.Release|Any CPU.Build.0 = Release|Any CPU
	EndGlobalSection
	GlobalSection(SolutionProperties) = preSolution
		HideSolutionNode = FALSE
	EndGlobalSection
	
EndGlobal
