Microsoft Visual Studio Solution File, Format Version 11.00
# Visual Studio 2008

Project("{19F292D2-AF17-DB07-E21B-15AE00208E78}") = "MeshCreator-Development", "Assembly-CSharp.csproj", "{32D57C25-FD66-6A0E-23A2-8105DE66BB1B}"
EndProject
Project("{19F292D2-AF17-DB07-E21B-15AE00208E78}") = "MeshCreator-Development", "Assembly-CSharp-Editor.csproj", "{9A2A9E02-CE4B-36CF-DAEC-AEA00B941B1E}"
EndProject
Global
	GlobalSection(SolutionConfigurationPlatforms) = preSolution
		Debug|Any CPU = Debug|Any CPU
		Release|Any CPU = Release|Any CPU
	EndGlobalSection
	GlobalSection(ProjectConfigurationPlatforms) = postSolution
		{32D57C25-FD66-6A0E-23A2-8105DE66BB1B}.Debug|Any CPU.ActiveCfg = Debug|Any CPU
		{32D57C25-FD66-6A0E-23A2-8105DE66BB1B}.Debug|Any CPU.Build.0 = Debug|Any CPU
		{32D57C25-FD66-6A0E-23A2-8105DE66BB1B}.Release|Any CPU.ActiveCfg = Release|Any CPU
		{32D57C25-FD66-6A0E-23A2-8105DE66BB1B}.Release|Any CPU.Build.0 = Release|Any CPU
		{9A2A9E02-CE4B-36CF-DAEC-AEA00B941B1E}.Debug|Any CPU.ActiveCfg = Debug|Any CPU
		{9A2A9E02-CE4B-36CF-DAEC-AEA00B941B1E}.Debug|Any CPU.Build.0 = Debug|Any CPU
		{9A2A9E02-CE4B-36CF-DAEC-AEA00B941B1E}.Release|Any CPU.ActiveCfg = Release|Any CPU
		{9A2A9E02-CE4B-36CF-DAEC-AEA00B941B1E}.Release|Any CPU.Build.0 = Release|Any CPU
	EndGlobalSection
	GlobalSection(SolutionProperties) = preSolution
		HideSolutionNode = FALSE
	EndGlobalSection
		GlobalSection(MonoDevelopProperties) = preSolution
		StartupItem = Assembly-CSharp.csproj
		Policies = $0
		$0.TextStylePolicy = $1
		$1.inheritsSet = null
		$1.scope = text/x-csharp
		$0.CSharpFormattingPolicy = $2
		$2.inheritsSet = Mono
		$2.inheritsScope = text/x-csharp
		$2.scope = text/x-csharp
		$0.TextStylePolicy = $3
		$3.FileWidth = 120
		$3.TabWidth = 4
		$3.EolMarker = Unix
		$3.inheritsSet = Mono
		$3.inheritsScope = text/plain
		$3.scope = text/plain
	EndGlobalSection

EndGlobal
