Microsoft Visual Studio Solution File, Format Version 11.00
# Visual Studio 2008

Project("{9104EE6F-9A31-E487-5AC7-014ED9CCDE5F}") = "MeshCreatorDev", "Assembly-CSharp.csproj", "{6D5BF660-59A7-CD23-023F-6EEB5C827F93}"
EndProject
Project("{9104EE6F-9A31-E487-5AC7-014ED9CCDE5F}") = "MeshCreatorDev", "Assembly-CSharp-Editor.csproj", "{EFC0E20F-7526-F3B2-271C-26D938AA5C49}"
EndProject
Global
	GlobalSection(SolutionConfigurationPlatforms) = preSolution
		Debug|Any CPU = Debug|Any CPU
		Release|Any CPU = Release|Any CPU
	EndGlobalSection
	GlobalSection(ProjectConfigurationPlatforms) = postSolution
		{6D5BF660-59A7-CD23-023F-6EEB5C827F93}.Debug|Any CPU.ActiveCfg = Debug|Any CPU
		{6D5BF660-59A7-CD23-023F-6EEB5C827F93}.Debug|Any CPU.Build.0 = Debug|Any CPU
		{6D5BF660-59A7-CD23-023F-6EEB5C827F93}.Release|Any CPU.ActiveCfg = Release|Any CPU
		{6D5BF660-59A7-CD23-023F-6EEB5C827F93}.Release|Any CPU.Build.0 = Release|Any CPU
		{EFC0E20F-7526-F3B2-271C-26D938AA5C49}.Debug|Any CPU.ActiveCfg = Debug|Any CPU
		{EFC0E20F-7526-F3B2-271C-26D938AA5C49}.Debug|Any CPU.Build.0 = Debug|Any CPU
		{EFC0E20F-7526-F3B2-271C-26D938AA5C49}.Release|Any CPU.ActiveCfg = Release|Any CPU
		{EFC0E20F-7526-F3B2-271C-26D938AA5C49}.Release|Any CPU.Build.0 = Release|Any CPU
	EndGlobalSection
	GlobalSection(SolutionProperties) = preSolution
		HideSolutionNode = FALSE
	EndGlobalSection
					GlobalSection(MonoDevelopProperties) = preSolution
		StartupItem = Assembly-CSharp.csproj
		Policies = $0
		$0.TextStylePolicy = $1
		$1.inheritsSet = null
		$1.scope = text/x-csharp
		$0.CSharpFormattingPolicy = $2
		$2.inheritsSet = Mono
		$2.inheritsScope = text/x-csharp
		$2.scope = text/x-csharp
		$0.TextStylePolicy = $3
		$3.FileWidth = 120
		$3.TabWidth = 4
		$3.EolMarker = Unix
		$3.inheritsSet = Mono
		$3.inheritsScope = text/plain
		$3.scope = text/plain
	EndGlobalSection

EndGlobal
